{
  "name": "aks_primality_test",
  "version": "1.0.0",
  "lockfileVersion": 1,
  "requires": true,
  "dependencies": {
    "big-number": {
      "version": "1.0.0",
      "resolved": "https://registry.npmjs.org/big-number/-/big-number-1.0.0.tgz",
      "integrity": "sha512-cHUzdT+mMXd1ozht8n5ZwBlNiPO/4zCqqkyp3lF1TMPsRJLXUbQ7cKnfXRkrW475H5SOtSOP0HFeihNbpa53MQ=="
    }
  }
}
